
Microsoft Visual Studio Solution File, Format Version 12.00
# Visual Studio Version 16
VisualStudioVersion = 16.0.31025.194
MinimumVisualStudioVersion = 10.0.40219.1
Project("{8BC9CEB8-8B4A-11D0-8D11-00A0C91BC942}") = "OpenGL04_2", "OpenGL04_2.vcxproj", "{8216FA50-95F3-4E4D-95ED-4873399CF662}"
EndProject
Global
	GlobalSection(SolutionConfigurationPlatforms) = preSolution
		Debug|x64 = Debug|x64
		Debug|x86 = Debug|x86
		Release|x64 = Release|x64
		Release|x86 = Release|x86
	EndGlobalSection
	GlobalSection(ProjectConfigurationPlatforms) = postSolution
		{8216FA50-95F3-4E4D-95ED-4873399CF662}.Debug|x64.ActiveCfg = Debug|x64
		{8216FA50-95F3-4E4D-95ED-4873399CF662}.Debug|x64.Build.0 = Debug|x64
		{8216FA50-95F3-4E4D-95ED-4873399CF662}.Debug|x86.ActiveCfg = Debug|Win32
		{8216FA50-95F3-4E4D-95ED-4873399CF662}.Debug|x86.Build.0 = Debug|Win32
		{8216FA50-95F3-4E4D-95ED-4873399CF662}.Release|x64.ActiveCfg = Release|x64
		{8216FA50-95F3-4E4D-95ED-4873399CF662}.Release|x64.Build.0 = Release|x64
		{8216FA50-95F3-4E4D-95ED-4873399CF662}.Release|x86.ActiveCfg = Release|Win32
		{8216FA50-95F3-4E4D-95ED-4873399CF662}.Release|x86.Build.0 = Release|Win32
	EndGlobalSection
	GlobalSection(SolutionProperties) = preSolution
		HideSolutionNode = FALSE
	EndGlobalSection
	GlobalSection(ExtensibilityGlobals) = postSolution
		SolutionGuid = {9D167C22-077F-40C2-8A9B-80F0E25CFE53}
	EndGlobalSection
EndGlobal
